// !$*UTF8*$!
{
	archiveVersion = 1;
	classes = {
	};
	objectVersion = 52;
	objects = {

/* Begin PBXBuildFile section */
		946556B826CE79DE007FF875 /* SwipeAppApp.swift in Sources */ = {isa = PBXBuildFile; fileRef = 946556B726CE79DE007FF875 /* SwipeAppApp.swift */; };
		946556BA26CE79DE007FF875 /* ContentView.swift in Sources */ = {isa = PBXBuildFile; fileRef = 946556B926CE79DE007FF875 /* ContentView.swift */; };
		946556BC26CE79E0007FF875 /* Assets.xcassets in Resources */ = {isa = PBXBuildFile; fileRef = 946556BB26CE79E0007FF875 /* Assets.xcassets */; };
		946556BF26CE79E0007FF875 /* Preview Assets.xcassets in Resources */ = {isa = PBXBuildFile; fileRef = 946556BE26CE79E0007FF875 /* Preview Assets.xcassets */; };
		946556CA26CE79E1007FF875 /* SwipeAppTests.swift in Sources */ = {isa = PBXBuildFile; fileRef = 946556C926CE79E1007FF875 /* SwipeAppTests.swift */; };
		946556D526CE79E1007FF875 /* SwipeAppUITests.swift in Sources */ = {isa = PBXBuildFile; fileRef = 946556D426CE79E1007FF875 /* SwipeAppUITests.swift */; };
		946556F026CE8175007FF875 /* SwipeableView in Frameworks */ = {isa = PBXBuildFile; productRef = 946556EF26CE8175007FF875 /* SwipeableView */; };
		9465570F26CEB418007FF875 /* Burkit.mp3 in Resources */ = {isa = PBXBuildFile; fileRef = 9465570E26CEB418007FF875 /* Burkit.mp3 */; };
/* End PBXBuildFile section */

/* Begin PBXContainerItemProxy section */
		946556C626CE79E1007FF875 /* PBXContainerItemProxy */ = {
			isa = PBXContainerItemProxy;
			containerPortal = 946556AC26CE79DD007FF875 /* Project object */;
			proxyType = 1;
			remoteGlobalIDString = 946556B326CE79DE007FF875;
			remoteInfo = SwipeApp;
		};
		946556D126CE79E1007FF875 /* PBXContainerItemProxy */ = {
			isa = PBXContainerItemProxy;
			containerPortal = 946556AC26CE79DD007FF875 /* Project object */;
			proxyType = 1;
			remoteGlobalIDString = 946556B326CE79DE007FF875;
			remoteInfo = SwipeApp;
		};
/* End PBXContainerItemProxy section */

/* Begin PBXFileReference section */
		946556B426CE79DE007FF875 /* SwipeApp.app */ = {isa = PBXFileReference; explicitFileType = wrapper.application; includeInIndex = 0; path = SwipeApp.app; sourceTree = BUILT_PRODUCTS_DIR; };
		946556B726CE79DE007FF875 /* SwipeAppApp.swift */ = {isa = PBXFileReference; lastKnownFileType = sourcecode.swift; path = SwipeAppApp.swift; sourceTree = "<group>"; };
		946556B926CE79DE007FF875 /* ContentView.swift */ = {isa = PBXFileReference; lastKnownFileType = sourcecode.swift; path = ContentView.swift; sourceTree = "<group>"; };
		946556BB26CE79E0007FF875 /* Assets.xcassets */ = {isa = PBXFileReference; lastKnownFileType = folder.assetcatalog; path = Assets.xcassets; sourceTree = "<group>"; };
		946556BE26CE79E0007FF875 /* Preview Assets.xcassets */ = {isa = PBXFileReference; lastKnownFileType = folder.assetcatalog; path = "Preview Assets.xcassets"; sourceTree = "<group>"; };
		946556C026CE79E0007FF875 /* Info.plist */ = {isa = PBXFileReference; lastKnownFileType = text.plist.xml; path = Info.plist; sourceTree = "<group>"; };
		946556C526CE79E1007FF875 /* SwipeAppTests.xctest */ = {isa = PBXFileReference; explicitFileType = wrapper.cfbundle; includeInIndex = 0; path = SwipeAppTests.xctest; sourceTree = BUILT_PRODUCTS_DIR; };
		946556C926CE79E1007FF875 /* SwipeAppTests.swift */ = {isa = PBXFileReference; lastKnownFileType = sourcecode.swift; path = SwipeAppTests.swift; sourceTree = "<group>"; };
		946556CB26CE79E1007FF875 /* Info.plist */ = {isa = PBXFileReference; lastKnownFileType = text.plist.xml; path = Info.plist; sourceTree = "<group>"; };
		946556D026CE79E1007FF875 /* SwipeAppUITests.xctest */ = {isa = PBXFileReference; explicitFileType = wrapper.cfbundle; includeInIndex = 0; path = SwipeAppUITests.xctest; sourceTree = BUILT_PRODUCTS_DIR; };
		946556D426CE79E1007FF875 /* SwipeAppUITests.swift */ = {isa = PBXFileReference; lastKnownFileType = sourcecode.swift; path = SwipeAppUITests.swift; sourceTree = "<group>"; };
		946556D626CE79E1007FF875 /* Info.plist */ = {isa = PBXFileReference; lastKnownFileType = text.plist.xml; path = Info.plist; sourceTree = "<group>"; };
		9465570E26CEB418007FF875 /* Burkit.mp3 */ = {isa = PBXFileReference; lastKnownFileType = audio.mp3; name = Burkit.mp3; path = ../../../Documents/Burkit.mp3; sourceTree = "<group>"; };
/* End PBXFileReference section */

/* Begin PBXFrameworksBuildPhase section */
		946556B126CE79DE007FF875 /* Frameworks */ = {
			isa = PBXFrameworksBuildPhase;
			buildActionMask = 2147483647;
			files = (
				946556F026CE8175007FF875 /* SwipeableView in Frameworks */,
			);
			runOnlyForDeploymentPostprocessing = 0;
		};
		946556C226CE79E1007FF875 /* Frameworks */ = {
			isa = PBXFrameworksBuildPhase;
			buildActionMask = 2147483647;
			files = (
			);
			runOnlyForDeploymentPostprocessing = 0;
		};
		946556CD26CE79E1007FF875 /* Frameworks */ = {
			isa = PBXFrameworksBuildPhase;
			buildActionMask = 2147483647;
			files = (
			);
			runOnlyForDeploymentPostprocessing = 0;
		};
/* End PBXFrameworksBuildPhase section */

/* Begin PBXGroup section */
		946556AB26CE79DD007FF875 = {
			isa = PBXGroup;
			children = (
				946556B626CE79DE007FF875 /* SwipeApp */,
				946556C826CE79E1007FF875 /* SwipeAppTests */,
				946556D326CE79E1007FF875 /* SwipeAppUITests */,
				946556B526CE79DE007FF875 /* Products */,
			);
			sourceTree = "<group>";
		};
		946556B526CE79DE007FF875 /* Products */ = {
			isa = PBXGroup;
			children = (
				946556B426CE79DE007FF875 /* SwipeApp.app */,
				946556C526CE79E1007FF875 /* SwipeAppTests.xctest */,
				946556D026CE79E1007FF875 /* SwipeAppUITests.xctest */,
			);
			name = Products;
			sourceTree = "<group>";
		};
		946556B626CE79DE007FF875 /* SwipeApp */ = {
			isa = PBXGroup;
			children = (
				9465570E26CEB418007FF875 /* Burkit.mp3 */,
				946556B726CE79DE007FF875 /* SwipeAppApp.swift */,
				946556B926CE79DE007FF875 /* ContentView.swift */,
				946556BB26CE79E0007FF875 /* Assets.xcassets */,
				946556C026CE79E0007FF875 /* Info.plist */,
				946556BD26CE79E0007FF875 /* Preview Content */,
			);
			path = SwipeApp;
			sourceTree = "<group>";
		};
		946556BD26CE79E0007FF875 /* Preview Content */ = {
			isa = PBXGroup;
			children = (
				946556BE26CE79E0007FF875 /* Preview Assets.xcassets */,
			);
			path = "Preview Content";
			sourceTree = "<group>";
		};
		946556C826CE79E1007FF875 /* SwipeAppTests */ = {
			isa = PBXGroup;
			children = (
				946556C926CE79E1007FF875 /* SwipeAppTests.swift */,
				946556CB26CE79E1007FF875 /* Info.plist */,
			);
			path = SwipeAppTests;
			sourceTree = "<group>";
		};
		946556D326CE79E1007FF875 /* SwipeAppUITests */ = {
			isa = PBXGroup;
			children = (
				946556D426CE79E1007FF875 /* SwipeAppUITests.swift */,
				946556D626CE79E1007FF875 /* Info.plist */,
			);
			path = SwipeAppUITests;
			sourceTree = "<group>";
		};
/* End PBXGroup section */

/* Begin PBXNativeTarget section */
		946556B326CE79DE007FF875 /* SwipeApp */ = {
			isa = PBXNativeTarget;
			buildConfigurationList = 946556D926CE79E1007FF875 /* Build configuration list for PBXNativeTarget "SwipeApp" */;
			buildPhases = (
				946556B026CE79DE007FF875 /* Sources */,
				946556B126CE79DE007FF875 /* Frameworks */,
				946556B226CE79DE007FF875 /* Resources */,
			);
			buildRules = (
			);
			dependencies = (
			);
			name = SwipeApp;
			packageProductDependencies = (
				946556EF26CE8175007FF875 /* SwipeableView */,
			);
			productName = SwipeApp;
			productReference = 946556B426CE79DE007FF875 /* SwipeApp.app */;
			productType = "com.apple.product-type.application";
		};
		946556C426CE79E1007FF875 /* SwipeAppTests */ = {
			isa = PBXNativeTarget;
			buildConfigurationList = 946556DC26CE79E1007FF875 /* Build configuration list for PBXNativeTarget "SwipeAppTests" */;
			buildPhases = (
				946556C126CE79E1007FF875 /* Sources */,
				946556C226CE79E1007FF875 /* Frameworks */,
				946556C326CE79E1007FF875 /* Resources */,
			);
			buildRules = (
			);
			dependencies = (
				946556C726CE79E1007FF875 /* PBXTargetDependency */,
			);
			name = SwipeAppTests;
			productName = SwipeAppTests;
			productReference = 946556C526CE79E1007FF875 /* SwipeAppTests.xctest */;
			productType = "com.apple.product-type.bundle.unit-test";
		};
		946556CF26CE79E1007FF875 /* SwipeAppUITests */ = {
			isa = PBXNativeTarget;
			buildConfigurationList = 946556DF26CE79E1007FF875 /* Build configuration list for PBXNativeTarget "SwipeAppUITests" */;
			buildPhases = (
				946556CC26CE79E1007FF875 /* Sources */,
				946556CD26CE79E1007FF875 /* Frameworks */,
				946556CE26CE79E1007FF875 /* Resources */,
			);
			buildRules = (
			);
			dependencies = (
				946556D226CE79E1007FF875 /* PBXTargetDependency */,
			);
			name = SwipeAppUITests;
			productName = SwipeAppUITests;
			productReference = 946556D026CE79E1007FF875 /* SwipeAppUITests.xctest */;
			productType = "com.apple.product-type.bundle.ui-testing";
		};
/* End PBXNativeTarget section */

/* Begin PBXProject section */
		946556AC26CE79DD007FF875 /* Project object */ = {
			isa = PBXProject;
			attributes = {
				LastSwiftUpdateCheck = 1240;
				LastUpgradeCheck = 1240;
				TargetAttributes = {
					946556B326CE79DE007FF875 = {
						CreatedOnToolsVersion = 12.4;
					};
					946556C426CE79E1007FF875 = {
						CreatedOnToolsVersion = 12.4;
						TestTargetID = 946556B326CE79DE007FF875;
					};
					946556CF26CE79E1007FF875 = {
						CreatedOnToolsVersion = 12.4;
						TestTargetID = 946556B326CE79DE007FF875;
					};
				};
			};
			buildConfigurationList = 946556AF26CE79DD007FF875 /* Build configuration list for PBXProject "SwipeApp" */;
			compatibilityVersion = "Xcode 9.3";
			developmentRegion = en;
			hasScannedForEncodings = 0;
			knownRegions = (
				en,
				Base,
			);
			mainGroup = 946556AB26CE79DD007FF875;
			packageReferences = (
				946556EE26CE8175007FF875 /* XCRemoteSwiftPackageReference "SwipebleView" */,
			);
			productRefGroup = 946556B526CE79DE007FF875 /* Products */;
			projectDirPath = "";
			projectRoot = "";
			targets = (
				946556B326CE79DE007FF875 /* SwipeApp */,
				946556C426CE79E1007FF875 /* SwipeAppTests */,
				946556CF26CE79E1007FF875 /* SwipeAppUITests */,
			);
		};
/* End PBXProject section */

/* Begin PBXResourcesBuildPhase section */
		946556B226CE79DE007FF875 /* Resources */ = {
			isa = PBXResourcesBuildPhase;
			buildActionMask = 2147483647;
			files = (
				946556BF26CE79E0007FF875 /* Preview Assets.xcassets in Resources */,
				9465570F26CEB418007FF875 /* Burkit.mp3 in Resources */,
				946556BC26CE79E0007FF875 /* Assets.xcassets in Resources */,
			);
			runOnlyForDeploymentPostprocessing = 0;
		};
		946556C326CE79E1007FF875 /* Resources */ = {
			isa = PBXResourcesBuildPhase;
			buildActionMask = 2147483647;
			files = (
			);
			runOnlyForDeploymentPostprocessing = 0;
		};
		946556CE26CE79E1007FF875 /* Resources */ = {
			isa = PBXResourcesBuildPhase;
			buildActionMask = 2147483647;
			files = (
			);
			runOnlyForDeploymentPostprocessing = 0;
		};
/* End PBXResourcesBuildPhase section */

/* Begin PBXSourcesBuildPhase section */
		946556B026CE79DE007FF875 /* Sources */ = {
			isa = PBXSourcesBuildPhase;
			buildActionMask = 2147483647;
			files = (
				946556BA26CE79DE007FF875 /* ContentView.swift in Sources */,
				946556B826CE79DE007FF875 /* SwipeAppApp.swift in Sources */,
			);
			runOnlyForDeploymentPostprocessing = 0;
		};
		946556C126CE79E1007FF875 /* Sources */ = {
			isa = PBXSourcesBuildPhase;
			buildActionMask = 2147483647;
			files = (
				946556CA26CE79E1007FF875 /* SwipeAppTests.swift in Sources */,
			);
			runOnlyForDeploymentPostprocessing = 0;
		};
		946556CC26CE79E1007FF875 /* Sources */ = {
			isa = PBXSourcesBuildPhase;
			buildActionMask = 2147483647;
			files = (
				946556D526CE79E1007FF875 /* SwipeAppUITests.swift in Sources */,
			);
			runOnlyForDeploymentPostprocessing = 0;
		};
/* End PBXSourcesBuildPhase section */

/* Begin PBXTargetDependency section */
		946556C726CE79E1007FF875 /* PBXTargetDependency */ = {
			isa = PBXTargetDependency;
			target = 946556B326CE79DE007FF875 /* SwipeApp */;
			targetProxy = 946556C626CE79E1007FF875 /* PBXContainerItemProxy */;
		};
		946556D226CE79E1007FF875 /* PBXTargetDependency */ = {
			isa = PBXTargetDependency;
			target = 946556B326CE79DE007FF875 /* SwipeApp */;
			targetProxy = 946556D126CE79E1007FF875 /* PBXContainerItemProxy */;
		};
/* End PBXTargetDependency section */

/* Begin XCBuildConfiguration section */
		946556D726CE79E1007FF875 /* Debug */ = {
			isa = XCBuildConfiguration;
			buildSettings = {
				ALWAYS_SEARCH_USER_PATHS = NO;
				CLANG_ANALYZER_NONNULL = YES;
				CLANG_ANALYZER_NUMBER_OBJECT_CONVERSION = YES_AGGRESSIVE;
				CLANG_CXX_LANGUAGE_STANDARD = "gnu++14";
				CLANG_CXX_LIBRARY = "libc++";
				CLANG_ENABLE_MODULES = YES;
				CLANG_ENABLE_OBJC_ARC = YES;
				CLANG_ENABLE_OBJC_WEAK = YES;
				CLANG_WARN_BLOCK_CAPTURE_AUTORELEASING = YES;
				CLANG_WARN_BOOL_CONVERSION = YES;
				CLANG_WARN_COMMA = YES;
				CLANG_WARN_CONSTANT_CONVERSION = YES;
				CLANG_WARN_DEPRECATED_OBJC_IMPLEMENTATIONS = YES;
				CLANG_WARN_DIRECT_OBJC_ISA_USAGE = YES_ERROR;
				CLANG_WARN_DOCUMENTATION_COMMENTS = YES;
				CLANG_WARN_EMPTY_BODY = YES;
				CLANG_WARN_ENUM_CONVERSION = YES;
				CLANG_WARN_INFINITE_RECURSION = YES;
				CLANG_WARN_INT_CONVERSION = YES;
				CLANG_WARN_NON_LITERAL_NULL_CONVERSION = YES;
				CLANG_WARN_OBJC_IMPLICIT_RETAIN_SELF = YES;
				CLANG_WARN_OBJC_LITERAL_CONVERSION = YES;
				CLANG_WARN_OBJC_ROOT_CLASS = YES_ERROR;
				CLANG_WARN_QUOTED_INCLUDE_IN_FRAMEWORK_HEADER = YES;
				CLANG_WARN_RANGE_LOOP_ANALYSIS = YES;
				CLANG_WARN_STRICT_PROTOTYPES = YES;
				CLANG_WARN_SUSPICIOUS_MOVE = YES;
				CLANG_WARN_UNGUARDED_AVAILABILITY = YES_AGGRESSIVE;
				CLANG_WARN_UNREACHABLE_CODE = YES;
				CLANG_WARN__DUPLICATE_METHOD_MATCH = YES;
				COPY_PHASE_STRIP = NO;
				DEBUG_INFORMATION_FORMAT = dwarf;
				ENABLE_STRICT_OBJC_MSGSEND = YES;
				ENABLE_TESTABILITY = YES;
				GCC_C_LANGUAGE_STANDARD = gnu11;
				GCC_DYNAMIC_NO_PIC = NO;
				GCC_NO_COMMON_BLOCKS = YES;
				GCC_OPTIMIZATION_LEVEL = 0;
				GCC_PREPROCESSOR_DEFINITIONS = (
					"DEBUG=1",
					"$(inherited)",
				);
				GCC_WARN_64_TO_32_BIT_CONVERSION = YES;
				GCC_WARN_ABOUT_RETURN_TYPE = YES_ERROR;
				GCC_WARN_UNDECLARED_SELECTOR = YES;
				GCC_WARN_UNINITIALIZED_AUTOS = YES_AGGRESSIVE;
				GCC_WARN_UNUSED_FUNCTION = YES;
				GCC_WARN_UNUSED_VARIABLE = YES;
				IPHONEOS_DEPLOYMENT_TARGET = 14.4;
				MTL_ENABLE_DEBUG_INFO = INCLUDE_SOURCE;
				MTL_FAST_MATH = YES;
				ONLY_ACTIVE_ARCH = YES;
				SDKROOT = iphoneos;
				SWIFT_ACTIVE_COMPILATION_CONDITIONS = DEBUG;
				SWIFT_OPTIMIZATION_LEVEL = "-Onone";
			};
			name = Debug;
		};
		946556D826CE79E1007FF875 /* Release */ = {
			isa = XCBuildConfiguration;
			buildSettings = {
				ALWAYS_SEARCH_USER_PATHS = NO;
				CLANG_ANALYZER_NONNULL = YES;
				CLANG_ANALYZER_NUMBER_OBJECT_CONVERSION = YES_AGGRESSIVE;
				CLANG_CXX_LANGUAGE_STANDARD = "gnu++14";
				CLANG_CXX_LIBRARY = "libc++";
				CLANG_ENABLE_MODULES = YES;
				CLANG_ENABLE_OBJC_ARC = YES;
				CLANG_ENABLE_OBJC_WEAK = YES;
				CLANG_WARN_BLOCK_CAPTURE_AUTORELEASING = YES;
				CLANG_WARN_BOOL_CONVERSION = YES;
				CLANG_WARN_COMMA = YES;
				CLANG_WARN_CONSTANT_CONVERSION = YES;
				CLANG_WARN_DEPRECATED_OBJC_IMPLEMENTATIONS = YES;
				CLANG_WARN_DIRECT_OBJC_ISA_USAGE = YES_ERROR;
				CLANG_WARN_DOCUMENTATION_COMMENTS = YES;
				CLANG_WARN_EMPTY_BODY = YES;
				CLANG_WARN_ENUM_CONVERSION = YES;
				CLANG_WARN_INFINITE_RECURSION = YES;
				CLANG_WARN_INT_CONVERSION = YES;
				CLANG_WARN_NON_LITERAL_NULL_CONVERSION = YES;
				CLANG_WARN_OBJC_IMPLICIT_RETAIN_SELF = YES;
				CLANG_WARN_OBJC_LITERAL_CONVERSION = YES;
				CLANG_WARN_OBJC_ROOT_CLASS = YES_ERROR;
				CLANG_WARN_QUOTED_INCLUDE_IN_FRAMEWORK_HEADER = YES;
				CLANG_WARN_RANGE_LOOP_ANALYSIS = YES;
				CLANG_WARN_STRICT_PROTOTYPES = YES;
				CLANG_WARN_SUSPICIOUS_MOVE = YES;
				CLANG_WARN_UNGUARDED_AVAILABILITY = YES_AGGRESSIVE;
				CLANG_WARN_UNREACHABLE_CODE = YES;
				CLANG_WARN__DUPLICATE_METHOD_MATCH = YES;
				COPY_PHASE_STRIP = NO;
				DEBUG_INFORMATION_FORMAT = "dwarf-with-dsym";
				ENABLE_NS_ASSERTIONS = NO;
				ENABLE_STRICT_OBJC_MSGSEND = YES;
				GCC_C_LANGUAGE_STANDARD = gnu11;
				GCC_NO_COMMON_BLOCKS = YES;
				GCC_WARN_64_TO_32_BIT_CONVERSION = YES;
				GCC_WARN_ABOUT_RETURN_TYPE = YES_ERROR;
				GCC_WARN_UNDECLARED_SELECTOR = YES;
				GCC_WARN_UNINITIALIZED_AUTOS = YES_AGGRESSIVE;
				GCC_WARN_UNUSED_FUNCTION = YES;
				GCC_WARN_UNUSED_VARIABLE = YES;
				IPHONEOS_DEPLOYMENT_TARGET = 14.4;
				MTL_ENABLE_DEBUG_INFO = NO;
				MTL_FAST_MATH = YES;
				SDKROOT = iphoneos;
				SWIFT_COMPILATION_MODE = wholemodule;
				SWIFT_OPTIMIZATION_LEVEL = "-O";
				VALIDATE_PRODUCT = YES;
			};
			name = Release;
		};
		946556DA26CE79E1007FF875 /* Debug */ = {
			isa = XCBuildConfiguration;
			buildSettings = {
				ASSETCATALOG_COMPILER_APPICON_NAME = AppIcon;
				ASSETCATALOG_COMPILER_GLOBAL_ACCENT_COLOR_NAME = AccentColor;
				CODE_SIGN_STYLE = Automatic;
				DEVELOPMENT_ASSET_PATHS = "\"SwipeApp/Preview Content\"";
				DEVELOPMENT_TEAM = TLHNHFG2G9;
				ENABLE_PREVIEWS = YES;
				INFOPLIST_FILE = SwipeApp/Info.plist;
				IPHONEOS_DEPLOYMENT_TARGET = 14.0;
				LD_RUNPATH_SEARCH_PATHS = (
					"$(inherited)",
					"@executable_path/Frameworks",
				);
				PRODUCT_BUNDLE_IDENTIFIER = ryan.SwipeApp;
				PRODUCT_NAME = "$(TARGET_NAME)";
				SWIFT_VERSION = 5.0;
				TARGETED_DEVICE_FAMILY = "1,2";
			};
			name = Debug;
		};
		946556DB26CE79E1007FF875 /* Release */ = {
			isa = XCBuildConfiguration;
			buildSettings = {
				ASSETCATALOG_COMPILER_APPICON_NAME = AppIcon;
				ASSETCATALOG_COMPILER_GLOBAL_ACCENT_COLOR_NAME = AccentColor;
				CODE_SIGN_STYLE = Automatic;
				DEVELOPMENT_ASSET_PATHS = "\"SwipeApp/Preview Content\"";
				DEVELOPMENT_TEAM = TLHNHFG2G9;
				ENABLE_PREVIEWS = YES;
				INFOPLIST_FILE = SwipeApp/Info.plist;
				IPHONEOS_DEPLOYMENT_TARGET = 14.0;
				LD_RUNPATH_SEARCH_PATHS = (
					"$(inherited)",
					"@executable_path/Frameworks",
				);
				PRODUCT_BUNDLE_IDENTIFIER = ryan.SwipeApp;
				PRODUCT_NAME = "$(TARGET_NAME)";
				SWIFT_VERSION = 5.0;
				TARGETED_DEVICE_FAMILY = "1,2";
			};
			name = Release;
		};
		946556DD26CE79E1007FF875 /* Debug */ = {
			isa = XCBuildConfiguration;
			buildSettings = {
				ALWAYS_EMBED_SWIFT_STANDARD_LIBRARIES = YES;
				BUNDLE_LOADER = "$(TEST_HOST)";
				CODE_SIGN_STYLE = Automatic;
				DEVELOPMENT_TEAM = TLHNHFG2G9;
				INFOPLIST_FILE = SwipeAppTests/Info.plist;
				IPHONEOS_DEPLOYMENT_TARGET = 14.0;
				LD_RUNPATH_SEARCH_PATHS = (
					"$(inherited)",
					"@executable_path/Frameworks",
					"@loader_path/Frameworks",
				);
				PRODUCT_BUNDLE_IDENTIFIER = ryan.SwipeAppTests;
				PRODUCT_NAME = "$(TARGET_NAME)";
				SWIFT_VERSION = 5.0;
				TARGETED_DEVICE_FAMILY = "1,2";
				TEST_HOST = "$(BUILT_PRODUCTS_DIR)/SwipeApp.app/SwipeApp";
			};
			name = Debug;
		};
		946556DE26CE79E1007FF875 /* Release */ = {
			isa = XCBuildConfiguration;
			buildSettings = {
				ALWAYS_EMBED_SWIFT_STANDARD_LIBRARIES = YES;
				BUNDLE_LOADER = "$(TEST_HOST)";
				CODE_SIGN_STYLE = Automatic;
				DEVELOPMENT_TEAM = TLHNHFG2G9;
				INFOPLIST_FILE = SwipeAppTests/Info.plist;
				IPHONEOS_DEPLOYMENT_TARGET = 14.0;
				LD_RUNPATH_SEARCH_PATHS = (
					"$(inherited)",
					"@executable_path/Frameworks",
					"@loader_path/Frameworks",
				);
				PRODUCT_BUNDLE_IDENTIFIER = ryan.SwipeAppTests;
				PRODUCT_NAME = "$(TARGET_NAME)";
				SWIFT_VERSION = 5.0;
				TARGETED_DEVICE_FAMILY = "1,2";
				TEST_HOST = "$(BUILT_PRODUCTS_DIR)/SwipeApp.app/SwipeApp";
			};
			name = Release;
		};
		946556E026CE79E1007FF875 /* Debug */ = {
			isa = XCBuildConfiguration;
			buildSettings = {
				ALWAYS_EMBED_SWIFT_STANDARD_LIBRARIES = YES;
				CODE_SIGN_STYLE = Automatic;
				DEVELOPMENT_TEAM = TLHNHFG2G9;
				INFOPLIST_FILE = SwipeAppUITests/Info.plist;
				LD_RUNPATH_SEARCH_PATHS = (
					"$(inherited)",
					"@executable_path/Frameworks",
					"@loader_path/Frameworks",
				);
				PRODUCT_BUNDLE_IDENTIFIER = ryan.SwipeAppUITests;
				PRODUCT_NAME = "$(TARGET_NAME)";
				SWIFT_VERSION = 5.0;
				TARGETED_DEVICE_FAMILY = "1,2";
				TEST_TARGET_NAME = SwipeApp;
			};
			name = Debug;
		};
		946556E126CE79E1007FF875 /* Release */ = {
			isa = XCBuildConfiguration;
			buildSettings = {
				ALWAYS_EMBED_SWIFT_STANDARD_LIBRARIES = YES;
				CODE_SIGN_STYLE = Automatic;
				DEVELOPMENT_TEAM = TLHNHFG2G9;
				INFOPLIST_FILE = SwipeAppUITests/Info.plist;
				LD_RUNPATH_SEARCH_PATHS = (
					"$(inherited)",
					"@executable_path/Frameworks",
					"@loader_path/Frameworks",
				);
				PRODUCT_BUNDLE_IDENTIFIER = ryan.SwipeAppUITests;
				PRODUCT_NAME = "$(TARGET_NAME)";
				SWIFT_VERSION = 5.0;
				TARGETED_DEVICE_FAMILY = "1,2";
				TEST_TARGET_NAME = SwipeApp;
			};
			name = Release;
		};
/* End XCBuildConfiguration section */

/* Begin XCConfigurationList section */
		946556AF26CE79DD007FF875 /* Build configuration list for PBXProject "SwipeApp" */ = {
			isa = XCConfigurationList;
			buildConfigurations = (
				946556D726CE79E1007FF875 /* Debug */,
				946556D826CE79E1007FF875 /* Release */,
			);
			defaultConfigurationIsVisible = 0;
			defaultConfigurationName = Release;
		};
		946556D926CE79E1007FF875 /* Build configuration list for PBXNativeTarget "SwipeApp" */ = {
			isa = XCConfigurationList;
			buildConfigurations = (
				946556DA26CE79E1007FF875 /* Debug */,
				946556DB26CE79E1007FF875 /* Release */,
			);
			defaultConfigurationIsVisible = 0;
			defaultConfigurationName = Release;
		};
		946556DC26CE79E1007FF875 /* Build configuration list for PBXNativeTarget "SwipeAppTests" */ = {
			isa = XCConfigurationList;
			buildConfigurations = (
				946556DD26CE79E1007FF875 /* Debug */,
				946556DE26CE79E1007FF875 /* Release */,
			);
			defaultConfigurationIsVisible = 0;
			defaultConfigurationName = Release;
		};
		946556DF26CE79E1007FF875 /* Build configuration list for PBXNativeTarget "SwipeAppUITests" */ = {
			isa = XCConfigurationList;
			buildConfigurations = (
				946556E026CE79E1007FF875 /* Debug */,
				946556E126CE79E1007FF875 /* Release */,
			);
			defaultConfigurationIsVisible = 0;
			defaultConfigurationName = Release;
		};
/* End XCConfigurationList section */

/* Begin XCRemoteSwiftPackageReference section */
		946556EE26CE8175007FF875 /* XCRemoteSwiftPackageReference "SwipebleView" */ = {
			isa = XCRemoteSwiftPackageReference;
			repositoryURL = "https://github.com/mroffmix/SwipebleView";
			requirement = {
				kind = upToNextMajorVersion;
				minimumVersion = 0.2.2;
			};
		};
/* End XCRemoteSwiftPackageReference section */

/* Begin XCSwiftPackageProductDependency section */
		946556EF26CE8175007FF875 /* SwipeableView */ = {
			isa = XCSwiftPackageProductDependency;
			package = 946556EE26CE8175007FF875 /* XCRemoteSwiftPackageReference "SwipebleView" */;
			productName = SwipeableView;
		};
/* End XCSwiftPackageProductDependency section */
	};
	rootObject = 946556AC26CE79DD007FF875 /* Project object */;
}
