{
  "object": {
    "pins": [
      {
        "package": "SwipeableView",
        "repositoryURL": "https://github.com/mroffmix/SwipebleView",
        "state": {
          "branch": null,
          "revision": "1d2b22b0c97dbd5ac9e4cb16020ff5d0f4191760",
          "version": "0.2.2"
        }
      }
    ]
  },
  "version": 1
}
